# This file is automatically @generated by Poetry 1.8.4 and should not be changed by hand.

[[package]]
name = "plac"
version = "1.4.3"
description = "The smartest command line arguments parser in the world"
optional = false
python-versions = "*"
files = [
    {file = "plac-1.4.3-py2.py3-none-any.whl", hash = "sha256:8a84fde8f950c9de6588a2d53c9deeac3ba1ddb456d887a33228460cf6549750"},
    {file = "plac-1.4.3.tar.gz", hash = "sha256:d4cb3387b2113a28aebd509433d0264a4e5d9bb7c1a86db4fbd0a8f11af74eb3"},
]

[metadata]
lock-version = "2.0"
python-versions = "^3.10"
content-hash = "856718737d2c818cfb64bc9fa3e9e3e5ec8ef1eced14d93e4133ce0dfe5f518a"
